
Microsoft Visual Studio Solution File, Format Version 12.00
# Visual Studio 15
VisualStudioVersion = 15.0.26730.12
MinimumVisualStudioVersion = 10.0.40219.1
Project("{9A19103F-16F7-4668-BE54-9A1E7A4F7556}") = "dotnet-core-mvc-test", "dotnet-core-mvc-test.csproj", "{DC878B3E-8CB2-4E61-BB20-164A699D118F}"
EndProject
Project("{FAE04EC0-301F-11D3-BF4B-00C04F79EFBC}") = "HashingToolkit", "..\HashingToolkit\HashingToolkit.csproj", "{9E1C9E73-C434-469E-8954-4701326FD07A}"
EndProject
Global
	GlobalSection(SolutionConfigurationPlatforms) = preSolution
		Debug|Any CPU = Debug|Any CPU
		Release|Any CPU = Release|Any CPU
	EndGlobalSection
	GlobalSection(ProjectConfigurationPlatforms) = postSolution
		{DC878B3E-8CB2-4E61-BB20-164A699D118F}.Debug|Any CPU.ActiveCfg = Debug|Any CPU
		{DC878B3E-8CB2-4E61-BB20-164A699D118F}.Debug|Any CPU.Build.0 = Debug|Any CPU
		{DC878B3E-8CB2-4E61-BB20-164A699D118F}.Release|Any CPU.ActiveCfg = Release|Any CPU
		{DC878B3E-8CB2-4E61-BB20-164A699D118F}.Release|Any CPU.Build.0 = Release|Any CPU
		{9E1C9E73-C434-469E-8954-4701326FD07A}.Debug|Any CPU.ActiveCfg = Debug|Any CPU
		{9E1C9E73-C434-469E-8954-4701326FD07A}.Debug|Any CPU.Build.0 = Debug|Any CPU
		{9E1C9E73-C434-469E-8954-4701326FD07A}.Release|Any CPU.ActiveCfg = Release|Any CPU
		{9E1C9E73-C434-469E-8954-4701326FD07A}.Release|Any CPU.Build.0 = Release|Any CPU
	EndGlobalSection
	GlobalSection(SolutionProperties) = preSolution
		HideSolutionNode = FALSE
	EndGlobalSection
	GlobalSection(ExtensibilityGlobals) = postSolution
		SolutionGuid = {29DC67CB-6DFC-4BE7-AD3C-61E034A4BAE8}
	EndGlobalSection
EndGlobal
